<Solution>
  <Project Path="VariablesDataTypes/VariablesDataTypes.csproj" />
  <Folder Name="/07-Debugging/">
    <Project Path="07-Debugging-A1/07-Debugging-A1.csproj" />
    <Project Path="07-Debugging-A2/07-Debugging-A2.csproj" />
    <Project Path="07-Debugging/07-Debugging.csproj" />
  </Folder>
  <Project Path="03-Operatoren/03-Operatoren.csproj" />
  <Project Path="4-Branching/4-Branching.csproj" />
  <Project Path="05-Loops/05-Loops.csproj" />
  <Project Path="06-OOP/06-OOP.csproj" />
</Solution>
