
Microsoft Visual Studio Solution File, Format Version 12.00
Project("{FAE04EC0-301F-11D3-BF4B-00C04F79EFBC}") = "VariablesDataTypes", "VariablesDataTypes\VariablesDataTypes.csproj", "{77070913-C451-43D3-A697-0C01308307EA}"
EndProject
Project("{FAE04EC0-301F-11D3-BF4B-00C04F79EFBC}") = "03-Operatoren", "03-Operatoren\03-Operatoren.csproj", "{946A3A66-192F-4F18-B65F-77AFBA5D0097}"
EndProject
Project("{FAE04EC0-301F-11D3-BF4B-00C04F79EFBC}") = "4-Branching", "4-Branching\4-Branching.csproj", "{846F80D7-0407-4FF0-9680-90E3A02591B3}"
EndProject
Project("{FAE04EC0-301F-11D3-BF4B-00C04F79EFBC}") = "06-OOP", "06-OOP\06-OOP.csproj", "{EDDC9F05-7C89-4411-9D4E-78A40F1A9136}"
Project("{FAE04EC0-301F-11D3-BF4B-00C04F79EFBC}") = "05-Loops", "05-Loops\05-Loops.csproj", "{9F089665-32C6-4BB3-AAD3-0290A9456337}"
EndProject
Global
	GlobalSection(SolutionConfigurationPlatforms) = preSolution
		Debug|Any CPU = Debug|Any CPU
		Release|Any CPU = Release|Any CPU
	EndGlobalSection
	GlobalSection(ProjectConfigurationPlatforms) = postSolution
		{77070913-C451-43D3-A697-0C01308307EA}.Debug|Any CPU.ActiveCfg = Debug|Any CPU
		{77070913-C451-43D3-A697-0C01308307EA}.Debug|Any CPU.Build.0 = Debug|Any CPU
		{77070913-C451-43D3-A697-0C01308307EA}.Release|Any CPU.ActiveCfg = Release|Any CPU
		{77070913-C451-43D3-A697-0C01308307EA}.Release|Any CPU.Build.0 = Release|Any CPU
		{946A3A66-192F-4F18-B65F-77AFBA5D0097}.Debug|Any CPU.ActiveCfg = Debug|Any CPU
		{946A3A66-192F-4F18-B65F-77AFBA5D0097}.Debug|Any CPU.Build.0 = Debug|Any CPU
		{946A3A66-192F-4F18-B65F-77AFBA5D0097}.Release|Any CPU.ActiveCfg = Release|Any CPU
		{946A3A66-192F-4F18-B65F-77AFBA5D0097}.Release|Any CPU.Build.0 = Release|Any CPU
		{846F80D7-0407-4FF0-9680-90E3A02591B3}.Debug|Any CPU.ActiveCfg = Debug|Any CPU
		{846F80D7-0407-4FF0-9680-90E3A02591B3}.Debug|Any CPU.Build.0 = Debug|Any CPU
		{846F80D7-0407-4FF0-9680-90E3A02591B3}.Release|Any CPU.ActiveCfg = Release|Any CPU
		{846F80D7-0407-4FF0-9680-90E3A02591B3}.Release|Any CPU.Build.0 = Release|Any CPU
		{EDDC9F05-7C89-4411-9D4E-78A40F1A9136}.Debug|Any CPU.ActiveCfg = Debug|Any CPU
		{EDDC9F05-7C89-4411-9D4E-78A40F1A9136}.Debug|Any CPU.Build.0 = Debug|Any CPU
		{EDDC9F05-7C89-4411-9D4E-78A40F1A9136}.Release|Any CPU.ActiveCfg = Release|Any CPU
		{EDDC9F05-7C89-4411-9D4E-78A40F1A9136}.Release|Any CPU.Build.0 = Release|Any CPU
	EndGlobalSection
	GlobalSection(SolutionProperties) = preSolution
		HideSolutionNode = FALSE
		{9F089665-32C6-4BB3-AAD3-0290A9456337}.Debug|Any CPU.ActiveCfg = Debug|Any CPU
		{9F089665-32C6-4BB3-AAD3-0290A9456337}.Debug|Any CPU.Build.0 = Debug|Any CPU
		{9F089665-32C6-4BB3-AAD3-0290A9456337}.Release|Any CPU.ActiveCfg = Release|Any CPU
		{9F089665-32C6-4BB3-AAD3-0290A9456337}.Release|Any CPU.Build.0 = Release|Any CPU
	EndGlobalSection
EndGlobal
